
Microsoft Visual Studio Solution File, Format Version 12.00
# Visual Studio Version 17
VisualStudioVersion = 17.0.31903.59
MinimumVisualStudioVersion = 10.0.40219.1
Project("{FAE04EC0-301F-11D3-BF4B-00C04F79EFBC}") = "APIAuthTest", "APIAuthTest\APIAuthTest.csproj", "{93795567-6BD0-4316-8D2C-FB41CD58F7B2}"
EndProject
Project("{FAE04EC0-301F-11D3-BF4B-00C04F79EFBC}") = "APIAuthTest2", "APIAuthTest2\APIAuthTest2.csproj", "{AE498090-B847-4ACF-A0DF-5C036054E553}"
EndProject
Global
	GlobalSection(SolutionConfigurationPlatforms) = preSolution
		Debug|Any CPU = Debug|Any CPU
		Release|Any CPU = Release|Any CPU
	EndGlobalSection
	GlobalSection(SolutionProperties) = preSolution
		HideSolutionNode = FALSE
	EndGlobalSection
	GlobalSection(ProjectConfigurationPlatforms) = postSolution
		{93795567-6BD0-4316-8D2C-FB41CD58F7B2}.Debug|Any CPU.ActiveCfg = Debug|Any CPU
		{93795567-6BD0-4316-8D2C-FB41CD58F7B2}.Debug|Any CPU.Build.0 = Debug|Any CPU
		{93795567-6BD0-4316-8D2C-FB41CD58F7B2}.Release|Any CPU.ActiveCfg = Release|Any CPU
		{93795567-6BD0-4316-8D2C-FB41CD58F7B2}.Release|Any CPU.Build.0 = Release|Any CPU
		{AE498090-B847-4ACF-A0DF-5C036054E553}.Debug|Any CPU.ActiveCfg = Debug|Any CPU
		{AE498090-B847-4ACF-A0DF-5C036054E553}.Debug|Any CPU.Build.0 = Debug|Any CPU
		{AE498090-B847-4ACF-A0DF-5C036054E553}.Release|Any CPU.ActiveCfg = Release|Any CPU
		{AE498090-B847-4ACF-A0DF-5C036054E553}.Release|Any CPU.Build.0 = Release|Any CPU
	EndGlobalSection
EndGlobal
